
Microsoft Visual Studio Solution File, Format Version 12.00
# Visual Studio Version 17
VisualStudioVersion = 17.8.34309.116
MinimumVisualStudioVersion = 10.0.40219.1
Project("{2150E333-8FDC-42A3-9474-1A3956D46DE8}") = "src", "src", "{FC0A2373-E288-4C00-84DB-13EF244C83F8}"
EndProject
Project("{9A19103F-16F7-4668-BE54-9A1E7A4F7556}") = "ExpressMeals.Contracts", "src\ExpressMeals.Contracts\ExpressMeals.Contracts.csproj", "{B1D1549A-869E-40AC-B7CE-D4647A9A8CFC}"
EndProject
Project("{9A19103F-16F7-4668-BE54-9A1E7A4F7556}") = "ExpressMeals.Domains", "src\ExpressMeals.Domains\ExpressMeals.Domains.csproj", "{FC10806A-8BD9-4A87-AA8C-C201D2636436}"
EndProject
Project("{9A19103F-16F7-4668-BE54-9A1E7A4F7556}") = "ExpressMeals.Infrastructures", "src\ExpressMeals.Infrastructures\ExpressMeals.Infrastructures.csproj", "{C627EA69-80F1-4CE7-A3A4-3A1F605F8A30}"
EndProject
Project("{9A19103F-16F7-4668-BE54-9A1E7A4F7556}") = "ExpressMeals.WebServer", "src\ExpressMeals.WebServer\ExpressMeals.WebServer.csproj", "{64FED351-6885-4632-A17F-4B2A937A1407}"
EndProject
Project("{9A19103F-16F7-4668-BE54-9A1E7A4F7556}") = "ExpressMeals.WebUI", "src\ExpressMeals.WebUI\ExpressMeals.WebUI.csproj", "{4E917FA4-E701-433E-957C-DEBCCF19B82F}"
EndProject
Global
	GlobalSection(SolutionConfigurationPlatforms) = preSolution
		Debug|Any CPU = Debug|Any CPU
		Release|Any CPU = Release|Any CPU
	EndGlobalSection
	GlobalSection(ProjectConfigurationPlatforms) = postSolution
		{B1D1549A-869E-40AC-B7CE-D4647A9A8CFC}.Debug|Any CPU.ActiveCfg = Debug|Any CPU
		{B1D1549A-869E-40AC-B7CE-D4647A9A8CFC}.Debug|Any CPU.Build.0 = Debug|Any CPU
		{B1D1549A-869E-40AC-B7CE-D4647A9A8CFC}.Release|Any CPU.ActiveCfg = Release|Any CPU
		{B1D1549A-869E-40AC-B7CE-D4647A9A8CFC}.Release|Any CPU.Build.0 = Release|Any CPU
		{FC10806A-8BD9-4A87-AA8C-C201D2636436}.Debug|Any CPU.ActiveCfg = Debug|Any CPU
		{FC10806A-8BD9-4A87-AA8C-C201D2636436}.Debug|Any CPU.Build.0 = Debug|Any CPU
		{FC10806A-8BD9-4A87-AA8C-C201D2636436}.Release|Any CPU.ActiveCfg = Release|Any CPU
		{FC10806A-8BD9-4A87-AA8C-C201D2636436}.Release|Any CPU.Build.0 = Release|Any CPU
		{C627EA69-80F1-4CE7-A3A4-3A1F605F8A30}.Debug|Any CPU.ActiveCfg = Debug|Any CPU
		{C627EA69-80F1-4CE7-A3A4-3A1F605F8A30}.Debug|Any CPU.Build.0 = Debug|Any CPU
		{C627EA69-80F1-4CE7-A3A4-3A1F605F8A30}.Release|Any CPU.ActiveCfg = Release|Any CPU
		{C627EA69-80F1-4CE7-A3A4-3A1F605F8A30}.Release|Any CPU.Build.0 = Release|Any CPU
		{64FED351-6885-4632-A17F-4B2A937A1407}.Debug|Any CPU.ActiveCfg = Debug|Any CPU
		{64FED351-6885-4632-A17F-4B2A937A1407}.Debug|Any CPU.Build.0 = Debug|Any CPU
		{64FED351-6885-4632-A17F-4B2A937A1407}.Release|Any CPU.ActiveCfg = Release|Any CPU
		{64FED351-6885-4632-A17F-4B2A937A1407}.Release|Any CPU.Build.0 = Release|Any CPU
		{4E917FA4-E701-433E-957C-DEBCCF19B82F}.Debug|Any CPU.ActiveCfg = Debug|Any CPU
		{4E917FA4-E701-433E-957C-DEBCCF19B82F}.Debug|Any CPU.Build.0 = Debug|Any CPU
		{4E917FA4-E701-433E-957C-DEBCCF19B82F}.Release|Any CPU.ActiveCfg = Release|Any CPU
		{4E917FA4-E701-433E-957C-DEBCCF19B82F}.Release|Any CPU.Build.0 = Release|Any CPU
	EndGlobalSection
	GlobalSection(SolutionProperties) = preSolution
		HideSolutionNode = FALSE
	EndGlobalSection
	GlobalSection(NestedProjects) = preSolution
		{B1D1549A-869E-40AC-B7CE-D4647A9A8CFC} = {FC0A2373-E288-4C00-84DB-13EF244C83F8}
		{FC10806A-8BD9-4A87-AA8C-C201D2636436} = {FC0A2373-E288-4C00-84DB-13EF244C83F8}
		{C627EA69-80F1-4CE7-A3A4-3A1F605F8A30} = {FC0A2373-E288-4C00-84DB-13EF244C83F8}
		{64FED351-6885-4632-A17F-4B2A937A1407} = {FC0A2373-E288-4C00-84DB-13EF244C83F8}
		{4E917FA4-E701-433E-957C-DEBCCF19B82F} = {FC0A2373-E288-4C00-84DB-13EF244C83F8}
	EndGlobalSection
	GlobalSection(ExtensibilityGlobals) = postSolution
		SolutionGuid = {9B942100-DA6F-4949-99EE-A93AC4C03F58}
	EndGlobalSection
EndGlobal
